
Microsoft Visual Studio Solution File, Format Version 12.00
# Visual Studio Version 17
VisualStudioVersion = 17.0.32112.339
MinimumVisualStudioVersion = 10.0.40219.1
Project("{FAE04EC0-301F-11D3-BF4B-00C04F79EFBC}") = "CuantoGastamos", "CuantoGastamos.csproj", "{59858320-78F1-4B74-AC12-4CDE5691BCCE}"
EndProject
Global
	GlobalSection(SolutionConfigurationPlatforms) = preSolution
		Debug|Any CPU = Debug|Any CPU
		Release|Any CPU = Release|Any CPU
	EndGlobalSection
	GlobalSection(ProjectConfigurationPlatforms) = postSolution
		{59858320-78F1-4B74-AC12-4CDE5691BCCE}.Debug|Any CPU.ActiveCfg = Debug|Any CPU
		{59858320-78F1-4B74-AC12-4CDE5691BCCE}.Debug|Any CPU.Build.0 = Debug|Any CPU
		{59858320-78F1-4B74-AC12-4CDE5691BCCE}.Release|Any CPU.ActiveCfg = Release|Any CPU
		{59858320-78F1-4B74-AC12-4CDE5691BCCE}.Release|Any CPU.Build.0 = Release|Any CPU
	EndGlobalSection
	GlobalSection(SolutionProperties) = preSolution
		HideSolutionNode = FALSE
	EndGlobalSection
	GlobalSection(ExtensibilityGlobals) = postSolution
		SolutionGuid = {02BD25F2-8CE7-46FD-AC97-D5B4CCE7337D}
	EndGlobalSection
EndGlobal
